
Microsoft Visual Studio Solution File, Format Version 12.00
Project("{FAE04EC0-301F-11D3-BF4B-00C04F79EFBC}") = "ManageElectronicDevices", "ManageElectronicDevices\ManageElectronicDevices.csproj", "{811570B4-72AC-4492-B32B-04E9FEA9C623}"
EndProject
Project("{FAE04EC0-301F-11D3-BF4B-00C04F79EFBC}") = "ManageElectronicDevices.Tests", "ManageElectronicDevices.Tests\ManageElectronicDevices.Tests.csproj", "{44162060-0AC7-40C6-B281-89F68209C413}"
EndProject
Global
	GlobalSection(SolutionConfigurationPlatforms) = preSolution
		Debug|Any CPU = Debug|Any CPU
		Release|Any CPU = Release|Any CPU
	EndGlobalSection
	GlobalSection(ProjectConfigurationPlatforms) = postSolution
		{811570B4-72AC-4492-B32B-04E9FEA9C623}.Debug|Any CPU.ActiveCfg = Debug|Any CPU
		{811570B4-72AC-4492-B32B-04E9FEA9C623}.Debug|Any CPU.Build.0 = Debug|Any CPU
		{811570B4-72AC-4492-B32B-04E9FEA9C623}.Release|Any CPU.ActiveCfg = Release|Any CPU
		{811570B4-72AC-4492-B32B-04E9FEA9C623}.Release|Any CPU.Build.0 = Release|Any CPU
		{44162060-0AC7-40C6-B281-89F68209C413}.Debug|Any CPU.ActiveCfg = Debug|Any CPU
		{44162060-0AC7-40C6-B281-89F68209C413}.Debug|Any CPU.Build.0 = Debug|Any CPU
		{44162060-0AC7-40C6-B281-89F68209C413}.Release|Any CPU.ActiveCfg = Release|Any CPU
		{44162060-0AC7-40C6-B281-89F68209C413}.Release|Any CPU.Build.0 = Release|Any CPU
	EndGlobalSection
EndGlobal
